
Microsoft Visual Studio Solution File, Format Version 11.00
# Visual Studio 2010
Project("{FAE04EC0-301F-11D3-BF4B-00C04F79EFBC}") = "EYayincilikWS", "EYayincilikWS\EYayincilikWS.csproj", "{72E3C2E0-6B7B-4942-93C3-10ED6284EB8A}"
EndProject
Project("{FAE04EC0-301F-11D3-BF4B-00C04F79EFBC}") = "EYayincilikPortal", "EYayincilikPortal\EYayincilikPortal.csproj", "{68DFC828-7517-433B-8874-EA3A19951452}"
	ProjectSection(ProjectDependencies) = postProject
		{72E3C2E0-6B7B-4942-93C3-10ED6284EB8A} = {72E3C2E0-6B7B-4942-93C3-10ED6284EB8A}
	EndProjectSection
EndProject
Global
	GlobalSection(SubversionScc) = preSolution
		Svn-Managed = True
		Manager = AnkhSVN - Subversion Support for Visual Studio
	EndGlobalSection
	GlobalSection(SolutionConfigurationPlatforms) = preSolution
		Debug|Any CPU = Debug|Any CPU
		Release|Any CPU = Release|Any CPU
	EndGlobalSection
	GlobalSection(ProjectConfigurationPlatforms) = postSolution
		{72E3C2E0-6B7B-4942-93C3-10ED6284EB8A}.Debug|Any CPU.ActiveCfg = Debug|Any CPU
		{72E3C2E0-6B7B-4942-93C3-10ED6284EB8A}.Debug|Any CPU.Build.0 = Debug|Any CPU
		{72E3C2E0-6B7B-4942-93C3-10ED6284EB8A}.Release|Any CPU.ActiveCfg = Release|Any CPU
		{72E3C2E0-6B7B-4942-93C3-10ED6284EB8A}.Release|Any CPU.Build.0 = Release|Any CPU
		{68DFC828-7517-433B-8874-EA3A19951452}.Debug|Any CPU.ActiveCfg = Debug|Any CPU
		{68DFC828-7517-433B-8874-EA3A19951452}.Debug|Any CPU.Build.0 = Debug|Any CPU
		{68DFC828-7517-433B-8874-EA3A19951452}.Release|Any CPU.ActiveCfg = Release|Any CPU
		{68DFC828-7517-433B-8874-EA3A19951452}.Release|Any CPU.Build.0 = Release|Any CPU
	EndGlobalSection
	GlobalSection(SolutionProperties) = preSolution
		HideSolutionNode = FALSE
	EndGlobalSection
EndGlobal
